<?xml version="1.0" encoding="utf-8"?>
<Project ToolsVersion="4.0" xmlns="http://schemas.microsoft.com/developer/msbuild/2003">
  <ItemGroup>
    <Filter Include="Source Files">
      <UniqueIdentifier>{4FC737F1-C7A5-4376-A066-2A32D752A2FF}</UniqueIdentifier>
      <Extensions>cpp;c;cc;cxx;c++;def;odl;idl;hpj;bat;asm;asmx</Extensions>
    </Filter>
    <Filter Include="Header Files">
      <UniqueIdentifier>{93995380-89BD-4b04-88EB-625FBE52EBFB}</UniqueIdentifier>
      <Extensions>h;hh;hpp;hxx;h++;hm;inl;inc;ipp;xsd</Extensions>
    </Filter>
    <Filter Include="Resource Files">
      <UniqueIdentifier>{67DA6AB6-F800-4c08-8B7A-83BB121AAD01}</UniqueIdentifier>
      <Extensions>rc;ico;cur;bmp;dlg;rc2;rct;bin;rgs;gif;jpg;jpeg;jpe;resx;tiff;tif;png;wav;mfcribbon-ms</Extensions>
    </Filter>
    <Filter Include="Header Files\math">
      <UniqueIdentifier>{5ac1cccd-5d6d-4d98-8573-b04c39103662}</UniqueIdentifier>
    </Filter>
    <Filter Include="Header Files\data">
      <UniqueIdentifier>{4d3801ec-8348-4c9a-a36a-f440dde015a9}</UniqueIdentifier>
    </Filter>
    <Filter Include="Header Files\optimization">
      <UniqueIdentifier>{b60fae51-2479-43e8-a22a-8090662bc063}</UniqueIdentifier>
    </Filter>
    <Filter Include="Header Files\modeling">
      <UniqueIdentifier>{cd550793-81d0-41c3-9ead-150ba8074e13}</UniqueIdentifier>
    </Filter>
    <Filter Include="Source Files\math">
      <UniqueIdentifier>{33ee9bc0-3a64-4cd4-99ec-5bdc80b7ec7d}</UniqueIdentifier>
    </Filter>
    <Filter Include="Source Files\data">
      <UniqueIdentifier>{25874f64-1755-49fe-b839-1c240fbb685b}</UniqueIdentifier>
    </Filter>
    <Filter Include="Source Files\optimization">
      <UniqueIdentifier>{c63fd232-8b8c-4a20-b206-96df21504fe0}</UniqueIdentifier>
    </Filter>
    <Filter Include="Source Files\modeling">
      <UniqueIdentifier>{c9cf61d3-6134-4f81-81a0-28dee2ec87c8}</UniqueIdentifier>
    </Filter>
    <Filter Include="Header Files\pseudo">
      <UniqueIdentifier>{998375a9-2650-488e-a537-5d225d9d4faa}</UniqueIdentifier>
    </Filter>
    <Filter Include="Source Files\pseudo">
      <UniqueIdentifier>{31f1715c-1e11-4861-a4f2-c46c45101bad}</UniqueIdentifier>
    </Filter>
  </ItemGroup>
  <ItemGroup>
    <ClInclude Include="ptr.h">
      <Filter>Header Files\data</Filter>
    </ClInclude>
    <ClInclude Include="model.h">
      <Filter>Header Files\modeling</Filter>
    </ClInclude>
    <ClInclude Include="param.h">
      <Filter>Header Files\optimization</Filter>
    </ClInclude>
    <ClInclude Include="param_mom.h">
      <Filter>Header Files\optimization</Filter>
    </ClInclude>
    <ClInclude Include="param_sgd.h">
      <Filter>Header Files\optimization</Filter>
    </ClInclude>
    <ClInclude Include="session.h">
      <Filter>Header Files\optimization</Filter>
    </ClInclude>
    <ClInclude Include="tensor.h">
      <Filter>Header Files\math</Filter>
    </ClInclude>
    <ClInclude Include="ref.h">
      <Filter>Header Files\data</Filter>
    </ClInclude>
    <ClInclude Include="sequential.h">
      <Filter>Header Files\modeling</Filter>
    </ClInclude>
    <ClInclude Include="bias.h">
      <Filter>Header Files\modeling</Filter>
    </ClInclude>
    <ClInclude Include="weight.h">
      <Filter>Header Files\modeling</Filter>
    </ClInclude>
    <ClInclude Include="weight_set.h">
      <Filter>Header Files\modeling</Filter>
    </ClInclude>
    <ClInclude Include="weight_junction.h">
      <Filter>Header Files\modeling</Filter>
    </ClInclude>
    <ClInclude Include="layer.h">
      <Filter>Header Files\modeling</Filter>
    </ClInclude>
    <ClInclude Include="modeling.h">
      <Filter>Header Files\modeling</Filter>
    </ClInclude>
    <ClInclude Include="optimization.h">
      <Filter>Header Files\optimization</Filter>
    </ClInclude>
    <ClInclude Include="math.h">
      <Filter>Header Files\math</Filter>
    </ClInclude>
    <ClInclude Include="data.h">
      <Filter>Header Files\data</Filter>
    </ClInclude>
    <ClInclude Include="pseudo.h">
      <Filter>Header Files\pseudo</Filter>
    </ClInclude>
    <ClInclude Include="tnn.h">
      <Filter>Header Files\pseudo</Filter>
    </ClInclude>
    <ClInclude Include="neuron.h">
      <Filter>Header Files\pseudo</Filter>
    </ClInclude>
    <ClInclude Include="sigmoid.h">
      <Filter>Header Files\modeling</Filter>
    </ClInclude>
    <ClInclude Include="tanh.h">
      <Filter>Header Files\modeling</Filter>
    </ClInclude>
    <ClInclude Include="leaky_relu.h">
      <Filter>Header Files\modeling</Filter>
    </ClInclude>
    <ClInclude Include="random.h">
      <Filter>Header Files\math</Filter>
    </ClInclude>
    <ClInclude Include="pl_init.h">
      <Filter>Header Files\pseudo</Filter>
    </ClInclude>
    <ClInclude Include="aurora.h">
      <Filter>Header Files</Filter>
    </ClInclude>
    <ClInclude Include="lock_guard.h">
      <Filter>Header Files\pseudo</Filter>
    </ClInclude>
    <ClInclude Include="persistent_thread.h">
      <Filter>Header Files\pseudo</Filter>
    </ClInclude>
    <ClInclude Include="sync.h">
      <Filter>Header Files\modeling</Filter>
    </ClInclude>
    <ClInclude Include="macro.h">
      <Filter>Header Files\modeling</Filter>
    </ClInclude>
    <ClInclude Include="lstm_ts.h">
      <Filter>Header Files\modeling</Filter>
    </ClInclude>
    <ClInclude Include="lstm.h">
      <Filter>Header Files\modeling</Filter>
    </ClInclude>
  </ItemGroup>
  <ItemGroup>
    <ClCompile Include="model.cpp">
      <Filter>Source Files\modeling</Filter>
    </ClCompile>
    <ClCompile Include="main.cpp">
      <Filter>Source Files</Filter>
    </ClCompile>
    <ClCompile Include="session.cpp">
      <Filter>Source Files\optimization</Filter>
    </ClCompile>
    <ClCompile Include="tensor.cpp">
      <Filter>Source Files\math</Filter>
    </ClCompile>
    <ClCompile Include="sequential.cpp">
      <Filter>Source Files\modeling</Filter>
    </ClCompile>
    <ClCompile Include="bias.cpp">
      <Filter>Source Files\modeling</Filter>
    </ClCompile>
    <ClCompile Include="param.cpp">
      <Filter>Source Files\optimization</Filter>
    </ClCompile>
    <ClCompile Include="param_sgd.cpp">
      <Filter>Source Files\optimization</Filter>
    </ClCompile>
    <ClCompile Include="param_mom.cpp">
      <Filter>Source Files\optimization</Filter>
    </ClCompile>
    <ClCompile Include="weight.cpp">
      <Filter>Source Files\modeling</Filter>
    </ClCompile>
    <ClCompile Include="weight_set.cpp">
      <Filter>Source Files\modeling</Filter>
    </ClCompile>
    <ClCompile Include="weight_junction.cpp">
      <Filter>Source Files\modeling</Filter>
    </ClCompile>
    <ClCompile Include="layer.cpp">
      <Filter>Source Files\modeling</Filter>
    </ClCompile>
    <ClCompile Include="tnn.cpp">
      <Filter>Source Files\pseudo</Filter>
    </ClCompile>
    <ClCompile Include="sigmoid.cpp">
      <Filter>Source Files\modeling</Filter>
    </ClCompile>
    <ClCompile Include="tanh.cpp">
      <Filter>Source Files\modeling</Filter>
    </ClCompile>
    <ClCompile Include="neuron.cpp">
      <Filter>Source Files\pseudo</Filter>
    </ClCompile>
    <ClCompile Include="leaky_relu.cpp">
      <Filter>Source Files\modeling</Filter>
    </ClCompile>
    <ClCompile Include="random.cpp">
      <Filter>Source Files\math</Filter>
    </ClCompile>
    <ClCompile Include="pl_init.cpp">
      <Filter>Source Files\pseudo</Filter>
    </ClCompile>
    <ClCompile Include="persistent_thread.cpp">
      <Filter>Source Files\pseudo</Filter>
    </ClCompile>
    <ClCompile Include="sync.cpp">
      <Filter>Source Files\modeling</Filter>
    </ClCompile>
    <ClCompile Include="lstm_ts.cpp">
      <Filter>Source Files\modeling</Filter>
    </ClCompile>
    <ClCompile Include="lstm.cpp">
      <Filter>Source Files\modeling</Filter>
    </ClCompile>
  </ItemGroup>
</Project>